
Microsoft Visual Studio Solution File, Format Version 12.00
# Visual Studio Version 16
VisualStudioVersion = 16.0.31112.23
MinimumVisualStudioVersion = 10.0.40219.1
Project("{FAE04EC0-301F-11D3-BF4B-00C04F79EFBC}") = "Product_COM_Test", "Product_COM_Test\Product_COM_Test.csproj", "{00C59732-D6B5-4BB2-AA75-794690467198}"
EndProject
Global
	GlobalSection(SolutionConfigurationPlatforms) = preSolution
		Debug|Any CPU = Debug|Any CPU
		Release|Any CPU = Release|Any CPU
	EndGlobalSection
	GlobalSection(ProjectConfigurationPlatforms) = postSolution
		{00C59732-D6B5-4BB2-AA75-794690467198}.Debug|Any CPU.ActiveCfg = Debug|Any CPU
		{00C59732-D6B5-4BB2-AA75-794690467198}.Debug|Any CPU.Build.0 = Debug|Any CPU
		{00C59732-D6B5-4BB2-AA75-794690467198}.Release|Any CPU.ActiveCfg = Release|Any CPU
		{00C59732-D6B5-4BB2-AA75-794690467198}.Release|Any CPU.Build.0 = Release|Any CPU
	EndGlobalSection
	GlobalSection(SolutionProperties) = preSolution
		HideSolutionNode = FALSE
	EndGlobalSection
	GlobalSection(ExtensibilityGlobals) = postSolution
		SolutionGuid = {6325D44E-31D1-4896-888D-3EB180D63DCB}
	EndGlobalSection
EndGlobal
